{
  "name": "draggable_grid_V2",
  "version": "0.0.1",
  "lockfileVersion": 3,
  "requires": true,
  "packages": {
    "": {
      "name": "draggable_grid_V2",
      "version": "0.0.1",
      "dependencies": {
        "colorette": "2.0.20",
        "vuedraggable": "4.1.0"
      },
      "devDependencies": {
        "@weweb/cli": "latest"
      }
    }
  }
}